
Microsoft Visual Studio Solution File, Format Version 12.00
# Visual Studio Version 17
VisualStudioVersion = 17.14.36414.22 d17.14
MinimumVisualStudioVersion = 10.0.40219.1
Project("{FAE04EC0-301F-11D3-BF4B-00C04F79EFBC}") = "UserDisplay", "UserDisplay\UserDisplay.csproj", "{D2A49216-21C6-46D9-8D85-892184A731EC}"
EndProject
Global
	GlobalSection(SolutionConfigurationPlatforms) = preSolution
		Debug|Any CPU = Debug|Any CPU
		Release|Any CPU = Release|Any CPU
	EndGlobalSection
	GlobalSection(ProjectConfigurationPlatforms) = postSolution
		{D2A49216-21C6-46D9-8D85-892184A731EC}.Debug|Any CPU.ActiveCfg = Debug|Any CPU
		{D2A49216-21C6-46D9-8D85-892184A731EC}.Debug|Any CPU.Build.0 = Debug|Any CPU
		{D2A49216-21C6-46D9-8D85-892184A731EC}.Release|Any CPU.ActiveCfg = Release|Any CPU
		{D2A49216-21C6-46D9-8D85-892184A731EC}.Release|Any CPU.Build.0 = Release|Any CPU
	EndGlobalSection
	GlobalSection(SolutionProperties) = preSolution
		HideSolutionNode = FALSE
	EndGlobalSection
	GlobalSection(ExtensibilityGlobals) = postSolution
		SolutionGuid = {C573AE6D-54B0-4194-BF30-30C6CE1C58A4}
	EndGlobalSection
EndGlobal
